<Solution>
  <Folder Name="/解决方案项/">
    <File Path="READEME.md" />
    <File Path="新架构说明.md" />
  </Folder>
  <Project Path="Grayson.Vision.Common/Grayson.Vision.Common.csproj" Id="97de4abb-3947-454b-b27f-28d43e73ae55" />
  <Project Path="Grayson.Vision.Contracts/Grayson.Vision.Contracts.csproj" Id="b0a7e029-998c-44a3-96f5-3f04214eee32" />
  <Project Path="Grayson.Vision.Core/Grayson.Vision.Core.csproj" Id="6a092dc6-536f-433f-94e0-31bf27777d95" />
  <Project Path="Grayson.Vision.HalconWrapper.Wpf/Grayson.Vision.HalconWrapper.Wpf.csproj" Id="7a6b5c44-8d7e-4f2a-9b1c-3d8e4f5a6b7c" />
  <Project Path="Grayson.Vision.HalconWrapper/Grayson.Vision.HalconWrapper.csproj" Id="ecc73133-c99e-43f3-9206-1edc2cbda74a" />
  <Project Path="Grayson.Vision.Nodes/Grayson.Vision.Nodes.csproj" Id="5a281c6b-1822-4435-aa21-e42f1a0d02f7" />
  <Project Path="Grayson.Vision.Repository/Grayson.Vision.Repository.csproj" Id="a909af73-e5d5-4cbc-8a86-7a7ed579fb49" />
  <Project Path="Grayson.Vision.WorkerHost/Grayson.Vision.WorkerHost.csproj" Id="3f5ddbf3-8618-48ce-a3bf-4fb07fdccd1b" />
  <Project Path="Grayson.VisionApp.WpfUI/Grayson.Vision.WpfUI.csproj" Id="a161af53-5187-4451-9f5d-cb3327f68d67" />
  <Project Path="Grayson.Vison.FlowEdit/Grayson.Vision.FlowEdit.csproj" Id="4fbca5f2-5fb8-4701-ac89-5c68a7b3fdd5" />
  <Project Path="Plugins.Camera.Hikvision/Plugins.Camera.Hikvision.csproj" Id="612ed44d-86b9-4888-9afe-6ee833befdd8" />
  <Project Path="Plugins.Motion.Zmc/Plugins.Motion.Zmc.csproj" Id="cf4d0f77-4a4f-4684-85af-055eefbb28c7" />
  <Project Path="Plugins.Protocol.Universal/Plugins.Protocol.Universal.csproj" Id="245c22ab-7e19-47d1-a44c-2fc052f569e9" />
</Solution>
