<Solution>
  <Folder Name="/解决方案项/">
    <File Path="READEME.md" />
    <File Path="新架构说明.md" />
  </Folder>
  <Project Path="Grayson.Vision.Contracts/Grayson.Vision.Contracts.csproj" Id="b0a7e029-998c-44a3-96f5-3f04214eee32" />
  <Project Path="Grayson.Vision.Core/Grayson.Vision.Core.csproj" Id="6a092dc6-536f-433f-94e0-31bf27777d95" />
  <Project Path="Grayson.Vision.HalconWrapper.Wpf/Grayson.Vision.HalconWrapper.Wpf.csproj" Id="7a6b5c44-8d7e-4f2a-9b1c-3d8e4f5a6b7c" />
  <Project Path="Grayson.Vision.HalconWrapper/Grayson.Vision.HalconWrapper.csproj" Id="ecc73133-c99e-43f3-9206-1edc2cbda74a" />
  <Project Path="Grayson.Vision.Nodes/Grayson.Vision.Nodes.csproj" Id="5a281c6b-1822-4435-aa21-e42f1a0d02f7" />
  <Project Path="Grayson.Vision.Repository/Grayson.Vision.Repository.csproj" Id="a909af73-e5d5-4cbc-8a86-7a7ed579fb49" />
  <Project Path="Grayson.VisionApp.WpfUI/Grayson.Vision.WpfUI.csproj" Id="a161af53-5187-4451-9f5d-cb3327f68d67" />
  <Project Path="Grayson.Vison.FlowEdit/Grayson.Vision.FlowEdit.csproj" Id="4fbca5f2-5fb8-4701-ac89-5c68a7b3fdd5" />
  <Project Path="Plugins.Camera.Hikvision/Plugins.Camera.Hikvision.csproj" Id="612ed44d-86b9-4888-9afe-6ee833befdd8" />
  <Project Path="Plugins.Camera.Basler/Plugins.Camera.Basler.csproj" Id="8f3a1c27-5d64-4b9e-a1f0-3c7e9a2b6d01" />
  <Project Path="Plugins.Robot.Epson/Plugins.Robot.Epson.csproj" Id="770e0ea4-ff78-4305-9bf6-72e41acac08f" />
  <Project Path="Plugins.Motion.Zmc/Plugins.Motion.Zmc.csproj" Id="cf4d0f77-4a4f-4684-85af-055eefbb28c7" />
  <Project Path="Plugins.Protocol.Universal/Plugins.Protocol.Universal.csproj" Id="245c22ab-7e19-47d1-a44c-2fc052f569e9" />
  <Project Path="Plugins.Inference.OnnxRuntime/Plugins.Inference.OnnxRuntime.csproj" Id="7A3E8C21-6B4D-4E9A-9F2C-D18E55B0A731" />
  <Project Path="VisualCalibTool.Wpf/VisualCalibTool.Wpf.csproj" Id="e7a1c4f2-3b8d-4c51-9a6e-1d2f8b0c5a93" />
  <Project Path="VisualCalibTool.App/VisualCalibTool.App.csproj" Id="2c90899a-011f-4e12-9516-3e787365ccc8" />
</Solution>
